
Microsoft Visual Studio Solution File, Format Version 12.00
Project("{FAE04EC0-301F-11D3-BF4B-00C04F79EFBC}") = "ConsoleApplication1", "ConsoleApplication1\ConsoleApplication1.csproj", "{BD88F783-9FCD-4AE9-80B1-51C94842D224}"
EndProject
Project("{FAE04EC0-301F-11D3-BF4B-00C04F79EFBC}") = "ComparedPoker", "..\ComparedPoker\ComparedPoker\ComparedPoker.csproj", "{60E08CFB-7AEB-4947-AF01-803F673A4A7E}"
EndProject
Global
	GlobalSection(SolutionConfigurationPlatforms) = preSolution
		Debug|Any CPU = Debug|Any CPU
		Release|Any CPU = Release|Any CPU
	EndGlobalSection
	GlobalSection(ProjectConfigurationPlatforms) = postSolution
		{BD88F783-9FCD-4AE9-80B1-51C94842D224}.Debug|Any CPU.ActiveCfg = Debug|Any CPU
		{BD88F783-9FCD-4AE9-80B1-51C94842D224}.Debug|Any CPU.Build.0 = Debug|Any CPU
		{BD88F783-9FCD-4AE9-80B1-51C94842D224}.Release|Any CPU.ActiveCfg = Release|Any CPU
		{BD88F783-9FCD-4AE9-80B1-51C94842D224}.Release|Any CPU.Build.0 = Release|Any CPU
		{60E08CFB-7AEB-4947-AF01-803F673A4A7E}.Debug|Any CPU.ActiveCfg = Debug|Any CPU
		{60E08CFB-7AEB-4947-AF01-803F673A4A7E}.Debug|Any CPU.Build.0 = Debug|Any CPU
		{60E08CFB-7AEB-4947-AF01-803F673A4A7E}.Release|Any CPU.ActiveCfg = Release|Any CPU
		{60E08CFB-7AEB-4947-AF01-803F673A4A7E}.Release|Any CPU.Build.0 = Release|Any CPU
	EndGlobalSection
EndGlobal
